
Microsoft Visual Studio Solution File, Format Version 12.00
# Visual Studio Version 17
VisualStudioVersion = 17.7.34031.279
MinimumVisualStudioVersion = 10.0.40219.1
Project("{FAE04EC0-301F-11D3-BF4B-00C04F79EFBC}") = "lab5_kg", "lab5_kg\lab5_kg.csproj", "{68990D5D-3AB9-45C7-9D07-5B13946D3DB5}"
EndProject
Global
	GlobalSection(SolutionConfigurationPlatforms) = preSolution
		Debug|Any CPU = Debug|Any CPU
		Release|Any CPU = Release|Any CPU
	EndGlobalSection
	GlobalSection(ProjectConfigurationPlatforms) = postSolution
		{68990D5D-3AB9-45C7-9D07-5B13946D3DB5}.Debug|Any CPU.ActiveCfg = Debug|Any CPU
		{68990D5D-3AB9-45C7-9D07-5B13946D3DB5}.Debug|Any CPU.Build.0 = Debug|Any CPU
		{68990D5D-3AB9-45C7-9D07-5B13946D3DB5}.Release|Any CPU.ActiveCfg = Release|Any CPU
		{68990D5D-3AB9-45C7-9D07-5B13946D3DB5}.Release|Any CPU.Build.0 = Release|Any CPU
	EndGlobalSection
	GlobalSection(SolutionProperties) = preSolution
		HideSolutionNode = FALSE
	EndGlobalSection
	GlobalSection(ExtensibilityGlobals) = postSolution
		SolutionGuid = {BA3AB754-EA01-49F3-981A-18EF07C1B326}
	EndGlobalSection
EndGlobal
